
Microsoft Visual Studio Solution File, Format Version 12.00
# Visual Studio 15
VisualStudioVersion = 15.0.27703.2026
MinimumVisualStudioVersion = 10.0.40219.1
Project("{9A19103F-16F7-4668-BE54-9A1E7A4F7556}") = "VSTSSprintMetrics.WebUI", "VSTSSprintMetrics.WebUI\VSTSSprintMetrics.WebUI.csproj", "{A3F21C36-5A9A-4F66-94F1-FF0676430629}"
EndProject
Project("{9A19103F-16F7-4668-BE54-9A1E7A4F7556}") = "VSTSSprintMetrics.VSTSClient", "VSTSSprintMetrics.VSTSClient\VSTSSprintMetrics.VSTSClient.csproj", "{B71BD078-5BF1-4404-B781-4627402BC33A}"
EndProject
Project("{9A19103F-16F7-4668-BE54-9A1E7A4F7556}") = "VSTSSprintMetrics.Core", "VSTSSprintMetrics.Core\VSTSSprintMetrics.Core.csproj", "{18AC69DD-B1D5-4815-BAD5-6548B9FBA3F7}"
EndProject
Project("{FAE04EC0-301F-11D3-BF4B-00C04F79EFBC}") = "VSTSSprintMetrics.Cache", "VSTSSprintMetrics.Cache\VSTSSprintMetrics.Cache.csproj", "{E9D7A8BB-D591-42BC-83CC-74AAA27E4AA1}"
EndProject
Global
	GlobalSection(SolutionConfigurationPlatforms) = preSolution
		Debug|Any CPU = Debug|Any CPU
		Release|Any CPU = Release|Any CPU
	EndGlobalSection
	GlobalSection(ProjectConfigurationPlatforms) = postSolution
		{A3F21C36-5A9A-4F66-94F1-FF0676430629}.Debug|Any CPU.ActiveCfg = Debug|Any CPU
		{A3F21C36-5A9A-4F66-94F1-FF0676430629}.Debug|Any CPU.Build.0 = Debug|Any CPU
		{A3F21C36-5A9A-4F66-94F1-FF0676430629}.Release|Any CPU.ActiveCfg = Release|Any CPU
		{A3F21C36-5A9A-4F66-94F1-FF0676430629}.Release|Any CPU.Build.0 = Release|Any CPU
		{B71BD078-5BF1-4404-B781-4627402BC33A}.Debug|Any CPU.ActiveCfg = Debug|Any CPU
		{B71BD078-5BF1-4404-B781-4627402BC33A}.Debug|Any CPU.Build.0 = Debug|Any CPU
		{B71BD078-5BF1-4404-B781-4627402BC33A}.Release|Any CPU.ActiveCfg = Release|Any CPU
		{B71BD078-5BF1-4404-B781-4627402BC33A}.Release|Any CPU.Build.0 = Release|Any CPU
		{18AC69DD-B1D5-4815-BAD5-6548B9FBA3F7}.Debug|Any CPU.ActiveCfg = Debug|Any CPU
		{18AC69DD-B1D5-4815-BAD5-6548B9FBA3F7}.Debug|Any CPU.Build.0 = Debug|Any CPU
		{18AC69DD-B1D5-4815-BAD5-6548B9FBA3F7}.Release|Any CPU.ActiveCfg = Release|Any CPU
		{18AC69DD-B1D5-4815-BAD5-6548B9FBA3F7}.Release|Any CPU.Build.0 = Release|Any CPU
		{E9D7A8BB-D591-42BC-83CC-74AAA27E4AA1}.Debug|Any CPU.ActiveCfg = Debug|Any CPU
		{E9D7A8BB-D591-42BC-83CC-74AAA27E4AA1}.Debug|Any CPU.Build.0 = Debug|Any CPU
		{E9D7A8BB-D591-42BC-83CC-74AAA27E4AA1}.Release|Any CPU.ActiveCfg = Release|Any CPU
		{E9D7A8BB-D591-42BC-83CC-74AAA27E4AA1}.Release|Any CPU.Build.0 = Release|Any CPU
	EndGlobalSection
	GlobalSection(SolutionProperties) = preSolution
		HideSolutionNode = FALSE
	EndGlobalSection
	GlobalSection(ExtensibilityGlobals) = postSolution
		SolutionGuid = {64177008-7C4F-4540-919F-F7D8630AC4CE}
	EndGlobalSection
EndGlobal
